<Solution>
  <Folder Name="/01-dependency-injection/" />
  <Folder Name="/01-dependency-injection/bad-approach/">
    <Project Path="01-dependency-injection/bad-approach/BadApproach.csproj" />
  </Folder>
  <Folder Name="/01-dependency-injection/better-approach.Tests/">
    <Project Path="01-dependency-injection/better-approach.Tests/BetterApproach.Tests.csproj" />
  </Folder>
  <Folder Name="/01-dependency-injection/better-approach/">
    <Project Path="01-dependency-injection/better-approach/BetterApproach.csproj" />
  </Folder>
  <Folder Name="/02-repository-pattern/" />
  <Folder Name="/02-repository-pattern/bad-approach/">
    <Project Path="02-repository-pattern/bad-approach/BadApproach.csproj" />
  </Folder>
  <Folder Name="/02-repository-pattern/better-approach.Tests/">
    <Project Path="02-repository-pattern/better-approach.Tests/BetterApproach.Tests.csproj" />
  </Folder>
  <Folder Name="/02-repository-pattern/better-approach/">
    <Project Path="02-repository-pattern/better-approach/BetterApproach.csproj" />
  </Folder>
</Solution>
